
Microsoft Visual Studio Solution File, Format Version 12.00
# Visual Studio Version 17
VisualStudioVersion = 17.4.33213.308
MinimumVisualStudioVersion = 10.0.40219.1
Project("{2150E333-8FDC-42A3-9474-1A3956D46DE8}") = "Apps", "Apps", "{84272A27-3755-486F-B84B-969E4D10F31B}"
EndProject
Project("{2150E333-8FDC-42A3-9474-1A3956D46DE8}") = "Libs", "Libs", "{C8174A4E-A704-44BF-97AC-1965C17810F2}"
EndProject
Project("{2150E333-8FDC-42A3-9474-1A3956D46DE8}") = "Tests", "Tests", "{F0060551-AD59-421D-BABE-203E271E7D4F}"
EndProject
Project("{9A19103F-16F7-4668-BE54-9A1E7A4F7556}") = "Core", "Core\Core.csproj", "{DD17E17F-088B-49E6-BBC4-FED0FD3FE928}"
EndProject
Project("{9A19103F-16F7-4668-BE54-9A1E7A4F7556}") = "Api.UnitTests", "Api.UnitTests\Api.UnitTests.csproj", "{B0169577-6161-4AF5-8BCC-164AA089B677}"
EndProject
Project("{9A19103F-16F7-4668-BE54-9A1E7A4F7556}") = "Core.UnitTests", "Core.UnitTests\Core.UnitTests.csproj", "{A94AFF63-1208-4711-8C12-A42C370CD8D3}"
EndProject
Project("{9A19103F-16F7-4668-BE54-9A1E7A4F7556}") = "DataAccess.UnitTests", "DataAccess.UnitTests\DataAccess.UnitTests.csproj", "{205DCA00-220E-4CAD-8F71-59B01C956FA3}"
EndProject
Project("{9A19103F-16F7-4668-BE54-9A1E7A4F7556}") = "IntegrationTests", "IntegrationTests\IntegrationTests.csproj", "{C8025542-9858-4326-B5A6-8B59BB186B13}"
EndProject
Project("{9A19103F-16F7-4668-BE54-9A1E7A4F7556}") = "Adventours.API", "Adventours.API\Adventours.API.csproj", "{9FE2C49C-2954-4182-83E9-F1093FEE4F1C}"
EndProject
Project("{9A19103F-16F7-4668-BE54-9A1E7A4F7556}") = "DataAccess", "DataAccess\DataAccess.csproj", "{5234E2C4-E72B-4B06-900A-94DDEE4BF96D}"
EndProject
Global
	GlobalSection(SolutionConfigurationPlatforms) = preSolution
		Debug|Any CPU = Debug|Any CPU
		Release|Any CPU = Release|Any CPU
	EndGlobalSection
	GlobalSection(ProjectConfigurationPlatforms) = postSolution
		{DD17E17F-088B-49E6-BBC4-FED0FD3FE928}.Debug|Any CPU.ActiveCfg = Debug|Any CPU
		{DD17E17F-088B-49E6-BBC4-FED0FD3FE928}.Debug|Any CPU.Build.0 = Debug|Any CPU
		{DD17E17F-088B-49E6-BBC4-FED0FD3FE928}.Release|Any CPU.ActiveCfg = Release|Any CPU
		{DD17E17F-088B-49E6-BBC4-FED0FD3FE928}.Release|Any CPU.Build.0 = Release|Any CPU
		{B0169577-6161-4AF5-8BCC-164AA089B677}.Debug|Any CPU.ActiveCfg = Debug|Any CPU
		{B0169577-6161-4AF5-8BCC-164AA089B677}.Debug|Any CPU.Build.0 = Debug|Any CPU
		{B0169577-6161-4AF5-8BCC-164AA089B677}.Release|Any CPU.ActiveCfg = Release|Any CPU
		{B0169577-6161-4AF5-8BCC-164AA089B677}.Release|Any CPU.Build.0 = Release|Any CPU
		{A94AFF63-1208-4711-8C12-A42C370CD8D3}.Debug|Any CPU.ActiveCfg = Debug|Any CPU
		{A94AFF63-1208-4711-8C12-A42C370CD8D3}.Debug|Any CPU.Build.0 = Debug|Any CPU
		{A94AFF63-1208-4711-8C12-A42C370CD8D3}.Release|Any CPU.ActiveCfg = Release|Any CPU
		{A94AFF63-1208-4711-8C12-A42C370CD8D3}.Release|Any CPU.Build.0 = Release|Any CPU
		{205DCA00-220E-4CAD-8F71-59B01C956FA3}.Debug|Any CPU.ActiveCfg = Debug|Any CPU
		{205DCA00-220E-4CAD-8F71-59B01C956FA3}.Debug|Any CPU.Build.0 = Debug|Any CPU
		{205DCA00-220E-4CAD-8F71-59B01C956FA3}.Release|Any CPU.ActiveCfg = Release|Any CPU
		{205DCA00-220E-4CAD-8F71-59B01C956FA3}.Release|Any CPU.Build.0 = Release|Any CPU
		{C8025542-9858-4326-B5A6-8B59BB186B13}.Debug|Any CPU.ActiveCfg = Debug|Any CPU
		{C8025542-9858-4326-B5A6-8B59BB186B13}.Debug|Any CPU.Build.0 = Debug|Any CPU
		{C8025542-9858-4326-B5A6-8B59BB186B13}.Release|Any CPU.ActiveCfg = Release|Any CPU
		{C8025542-9858-4326-B5A6-8B59BB186B13}.Release|Any CPU.Build.0 = Release|Any CPU
		{9FE2C49C-2954-4182-83E9-F1093FEE4F1C}.Debug|Any CPU.ActiveCfg = Debug|Any CPU
		{9FE2C49C-2954-4182-83E9-F1093FEE4F1C}.Debug|Any CPU.Build.0 = Debug|Any CPU
		{9FE2C49C-2954-4182-83E9-F1093FEE4F1C}.Release|Any CPU.ActiveCfg = Release|Any CPU
		{9FE2C49C-2954-4182-83E9-F1093FEE4F1C}.Release|Any CPU.Build.0 = Release|Any CPU
		{5234E2C4-E72B-4B06-900A-94DDEE4BF96D}.Debug|Any CPU.ActiveCfg = Debug|Any CPU
		{5234E2C4-E72B-4B06-900A-94DDEE4BF96D}.Debug|Any CPU.Build.0 = Debug|Any CPU
		{5234E2C4-E72B-4B06-900A-94DDEE4BF96D}.Release|Any CPU.ActiveCfg = Release|Any CPU
		{5234E2C4-E72B-4B06-900A-94DDEE4BF96D}.Release|Any CPU.Build.0 = Release|Any CPU
	EndGlobalSection
	GlobalSection(SolutionProperties) = preSolution
		HideSolutionNode = FALSE
	EndGlobalSection
	GlobalSection(NestedProjects) = preSolution
		{DD17E17F-088B-49E6-BBC4-FED0FD3FE928} = {C8174A4E-A704-44BF-97AC-1965C17810F2}
		{B0169577-6161-4AF5-8BCC-164AA089B677} = {F0060551-AD59-421D-BABE-203E271E7D4F}
		{A94AFF63-1208-4711-8C12-A42C370CD8D3} = {F0060551-AD59-421D-BABE-203E271E7D4F}
		{205DCA00-220E-4CAD-8F71-59B01C956FA3} = {F0060551-AD59-421D-BABE-203E271E7D4F}
		{C8025542-9858-4326-B5A6-8B59BB186B13} = {F0060551-AD59-421D-BABE-203E271E7D4F}
		{9FE2C49C-2954-4182-83E9-F1093FEE4F1C} = {84272A27-3755-486F-B84B-969E4D10F31B}
		{5234E2C4-E72B-4B06-900A-94DDEE4BF96D} = {C8174A4E-A704-44BF-97AC-1965C17810F2}
	EndGlobalSection
	GlobalSection(ExtensibilityGlobals) = postSolution
		SolutionGuid = {3CE35649-A960-488A-B86B-030C5F424DEF}
	EndGlobalSection
EndGlobal
