
Microsoft Visual Studio Solution File, Format Version 12.00
# Visual Studio Version 17
VisualStudioVersion = 17.4.33213.308
MinimumVisualStudioVersion = 10.0.40219.1
Project("{2150E333-8FDC-42A3-9474-1A3956D46DE8}") = "Apps", "Apps", "{84272A27-3755-486F-B84B-969E4D10F31B}"
EndProject
Project("{2150E333-8FDC-42A3-9474-1A3956D46DE8}") = "Libs", "Libs", "{C8174A4E-A704-44BF-97AC-1965C17810F2}"
EndProject
Project("{2150E333-8FDC-42A3-9474-1A3956D46DE8}") = "Tests", "Tests", "{F0060551-AD59-421D-BABE-203E271E7D4F}"
EndProject
Project("{9A19103F-16F7-4668-BE54-9A1E7A4F7556}") = "DataAccess", "Libs\DataAccess\DataAccess.csproj", "{B8542342-B6F9-485A-A9BD-417F86FB1AFE}"
EndProject
Project("{9A19103F-16F7-4668-BE54-9A1E7A4F7556}") = "Adventours.API", "Apps\Adventours.API\Adventours.API.csproj", "{5BC971FC-3F66-4924-BA4F-C73B40A00F07}"
EndProject
Project("{FAE04EC0-301F-11D3-BF4B-00C04F79EFBC}") = "Core", "Core\Core.csproj", "{DD17E17F-088B-49E6-BBC4-FED0FD3FE928}"
EndProject
Global
	GlobalSection(SolutionConfigurationPlatforms) = preSolution
		Debug|Any CPU = Debug|Any CPU
		Release|Any CPU = Release|Any CPU
	EndGlobalSection
	GlobalSection(ProjectConfigurationPlatforms) = postSolution
		{B8542342-B6F9-485A-A9BD-417F86FB1AFE}.Debug|Any CPU.ActiveCfg = Debug|Any CPU
		{B8542342-B6F9-485A-A9BD-417F86FB1AFE}.Debug|Any CPU.Build.0 = Debug|Any CPU
		{B8542342-B6F9-485A-A9BD-417F86FB1AFE}.Release|Any CPU.ActiveCfg = Release|Any CPU
		{B8542342-B6F9-485A-A9BD-417F86FB1AFE}.Release|Any CPU.Build.0 = Release|Any CPU
		{5BC971FC-3F66-4924-BA4F-C73B40A00F07}.Debug|Any CPU.ActiveCfg = Debug|Any CPU
		{5BC971FC-3F66-4924-BA4F-C73B40A00F07}.Debug|Any CPU.Build.0 = Debug|Any CPU
		{5BC971FC-3F66-4924-BA4F-C73B40A00F07}.Release|Any CPU.ActiveCfg = Release|Any CPU
		{5BC971FC-3F66-4924-BA4F-C73B40A00F07}.Release|Any CPU.Build.0 = Release|Any CPU
		{DD17E17F-088B-49E6-BBC4-FED0FD3FE928}.Debug|Any CPU.ActiveCfg = Debug|Any CPU
		{DD17E17F-088B-49E6-BBC4-FED0FD3FE928}.Debug|Any CPU.Build.0 = Debug|Any CPU
		{DD17E17F-088B-49E6-BBC4-FED0FD3FE928}.Release|Any CPU.ActiveCfg = Release|Any CPU
		{DD17E17F-088B-49E6-BBC4-FED0FD3FE928}.Release|Any CPU.Build.0 = Release|Any CPU
	EndGlobalSection
	GlobalSection(SolutionProperties) = preSolution
		HideSolutionNode = FALSE
	EndGlobalSection
	GlobalSection(NestedProjects) = preSolution
		{B8542342-B6F9-485A-A9BD-417F86FB1AFE} = {C8174A4E-A704-44BF-97AC-1965C17810F2}
		{5BC971FC-3F66-4924-BA4F-C73B40A00F07} = {84272A27-3755-486F-B84B-969E4D10F31B}
		{DD17E17F-088B-49E6-BBC4-FED0FD3FE928} = {C8174A4E-A704-44BF-97AC-1965C17810F2}
	EndGlobalSection
	GlobalSection(ExtensibilityGlobals) = postSolution
		SolutionGuid = {3CE35649-A960-488A-B86B-030C5F424DEF}
	EndGlobalSection
EndGlobal
